
Microsoft Visual Studio Solution File, Format Version 12.00
# Visual Studio Version 16
VisualStudioVersion = 16.0.31410.357
MinimumVisualStudioVersion = 10.0.40219.1
Project("{FAE04EC0-301F-11D3-BF4B-00C04F79EFBC}") = "DIO.ApiCoronavirus", "DIO.ApiCoronavirus\DIO.ApiCoronavirus.csproj", "{E189223E-537F-47FB-B7E0-39EC2C9D9649}"
EndProject
Global
	GlobalSection(SolutionConfigurationPlatforms) = preSolution
		Debug|Any CPU = Debug|Any CPU
		Release|Any CPU = Release|Any CPU
	EndGlobalSection
	GlobalSection(ProjectConfigurationPlatforms) = postSolution
		{E189223E-537F-47FB-B7E0-39EC2C9D9649}.Debug|Any CPU.ActiveCfg = Debug|Any CPU
		{E189223E-537F-47FB-B7E0-39EC2C9D9649}.Debug|Any CPU.Build.0 = Debug|Any CPU
		{E189223E-537F-47FB-B7E0-39EC2C9D9649}.Release|Any CPU.ActiveCfg = Release|Any CPU
		{E189223E-537F-47FB-B7E0-39EC2C9D9649}.Release|Any CPU.Build.0 = Release|Any CPU
	EndGlobalSection
	GlobalSection(SolutionProperties) = preSolution
		HideSolutionNode = FALSE
	EndGlobalSection
	GlobalSection(ExtensibilityGlobals) = postSolution
		SolutionGuid = {11F2C6ED-5B7B-4EFB-867E-F23C0437D5D8}
	EndGlobalSection
EndGlobal
